{
  "name": "@emsquared/otto_preact_form",
  "version": "1.0.0",
  "lockfileVersion": 1,
  "requires": true,
  "dependencies": {
    "@types/dlv": {
      "version": "1.1.2",
      "resolved": "https://registry.npmjs.org/@types/dlv/-/dlv-1.1.2.tgz",
      "integrity": "sha512-OyiZ3jEKu7RtGO1yp9oOdK0cTwZ/10oE9PDJ6fyN3r9T5wkyOcvr6awdugjYdqF6KVO5eUvt7jx7rk2Eylufow==",
      "dev": true
    },
    "@types/luxon": {
      "version": "2.0.8",
      "resolved": "https://registry.npmjs.org/@types/luxon/-/luxon-2.0.8.tgz",
      "integrity": "sha512-lGmxL6hMEVqXr8w9bL52RUWXVu90o7vH8WQSutQssr2e+w0TNttXx2Zfw2V2lHHHWfW6OGqB8bXDvtKocv19qQ=="
    },
    "dlv": {
      "version": "1.1.3",
      "resolved": "https://registry.npmjs.org/dlv/-/dlv-1.1.3.tgz",
      "integrity": "sha512-+HlytyjlPKnIG8XuRG8WvmBP8xs8P71y+SKKS6ZXWoEgLuePxtDoUEiH7WkdePWrQ5JBpE6aoVqfZfJUQkjXwA=="
    },
    "esm": {
      "version": "3.2.25",
      "resolved": "https://registry.npmjs.org/esm/-/esm-3.2.25.tgz",
      "integrity": "sha512-U1suiZ2oDVWv4zPO56S0NcR5QriEahGtdN2OR6FiOG4WJvcjBVFB0qI4+eKoWFH483PKGuLuu6V8Z4T5g63UVA=="
    },
    "fetch-blob": {
      "version": "3.1.3",
      "resolved": "https://registry.npmjs.org/fetch-blob/-/fetch-blob-3.1.3.tgz",
      "integrity": "sha512-ax1Y5I9w+9+JiM+wdHkhBoxew+zG4AJ2SvAD1v1szpddUIiPERVGBxrMcB2ZqW0Y3PP8bOWYv2zqQq1Jp2kqUQ==",
      "requires": {
        "web-streams-polyfill": "^3.0.3"
      }
    },
    "formdata-polyfill": {
      "version": "4.0.10",
      "resolved": "https://registry.npmjs.org/formdata-polyfill/-/formdata-polyfill-4.0.10.tgz",
      "integrity": "sha512-buewHzMvYL29jdeQTVILecSaZKnt/RJWjoZCF5OW60Z67/GmSLBkOFM7qh1PI3zFNtJbaZL5eQu1vLfazOwj4g==",
      "requires": {
        "fetch-blob": "^3.1.2"
      }
    },
    "linkstate": {
      "version": "2.0.1",
      "resolved": "https://registry.npmjs.org/linkstate/-/linkstate-2.0.1.tgz",
      "integrity": "sha512-UN/xxOgThPGjTPLBSizZ17We3+4BFM2uD1xgTlyF5AzcvKxwn8OoDZbKa6FJ/ydSpOwON4UeSQKTZi+88ortFg==",
      "requires": {
        "esm": "^3.2.25"
      }
    },
    "luxon": {
      "version": "2.2.0",
      "resolved": "https://registry.npmjs.org/luxon/-/luxon-2.2.0.tgz",
      "integrity": "sha512-LwmknessH4jVIseCsizUgveIHwlLv/RQZWC2uDSMfGJs7w8faPUi2JFxfyfMcTPrpNbChTem3Uz6IKRtn+LcIA==",
      "dev": true
    },
    "preact-richtextarea": {
      "version": "1.2.1",
      "resolved": "https://registry.npmjs.org/preact-richtextarea/-/preact-richtextarea-1.2.1.tgz",
      "integrity": "sha1-Aq3kVT0ZOKJ3uFN0yCdbwfYS688="
    },
    "ts-toolbelt": {
      "version": "9.6.0",
      "resolved": "https://registry.npmjs.org/ts-toolbelt/-/ts-toolbelt-9.6.0.tgz",
      "integrity": "sha512-nsZd8ZeNUzukXPlJmTBwUAuABDe/9qtVDelJeT/qW0ow3ZS3BsQJtNkan1802aM9Uf68/Y8ljw86Hu0h5IUW3w=="
    },
    "web-streams-polyfill": {
      "version": "3.2.0",
      "resolved": "https://registry.npmjs.org/web-streams-polyfill/-/web-streams-polyfill-3.2.0.tgz",
      "integrity": "sha512-EqPmREeOzttaLRm5HS7io98goBgZ7IVz79aDvqjD0kYXLtFZTc0T/U6wHTPKyIjb+MdN7DFIIX6hgdBEpWmfPA=="
    }
  }
}
